
Microsoft Visual Studio Solution File, Format Version 12.00
# Visual Studio 15
VisualStudioVersion = 15.0.28010.2003
MinimumVisualStudioVersion = 10.0.40219.1
Project("{8BC9CEB8-8B4A-11D0-8D11-00A0C91BC942}") = "Bioinf10", "Bioinf10\Bioinf10.vcxproj", "{0FE294E3-503E-4946-8174-1179E472AA52}"
EndProject
Global
	GlobalSection(SolutionConfigurationPlatforms) = preSolution
		Debug|x64 = Debug|x64
		Debug|x86 = Debug|x86
		Release|x64 = Release|x64
		Release|x86 = Release|x86
	EndGlobalSection
	GlobalSection(ProjectConfigurationPlatforms) = postSolution
		{0FE294E3-503E-4946-8174-1179E472AA52}.Debug|x64.ActiveCfg = Debug|x64
		{0FE294E3-503E-4946-8174-1179E472AA52}.Debug|x64.Build.0 = Debug|x64
		{0FE294E3-503E-4946-8174-1179E472AA52}.Debug|x86.ActiveCfg = Debug|Win32
		{0FE294E3-503E-4946-8174-1179E472AA52}.Debug|x86.Build.0 = Debug|Win32
		{0FE294E3-503E-4946-8174-1179E472AA52}.Release|x64.ActiveCfg = Release|x64
		{0FE294E3-503E-4946-8174-1179E472AA52}.Release|x64.Build.0 = Release|x64
		{0FE294E3-503E-4946-8174-1179E472AA52}.Release|x86.ActiveCfg = Release|Win32
		{0FE294E3-503E-4946-8174-1179E472AA52}.Release|x86.Build.0 = Release|Win32
	EndGlobalSection
	GlobalSection(SolutionProperties) = preSolution
		HideSolutionNode = FALSE
	EndGlobalSection
	GlobalSection(ExtensibilityGlobals) = postSolution
		SolutionGuid = {BD15C15B-5932-4C84-AA05-D54EE474B0D8}
	EndGlobalSection
EndGlobal
