
Microsoft Visual Studio Solution File, Format Version 12.00
# Visual Studio 15
VisualStudioVersion = 15.0.28010.2003
MinimumVisualStudioVersion = 10.0.40219.1
Project("{8BC9CEB8-8B4A-11D0-8D11-00A0C91BC942}") = "Bioinf9", "Bioinf9\Bioinf9.vcxproj", "{38AD809B-7641-481E-A138-9CB174FD4597}"
EndProject
Global
	GlobalSection(SolutionConfigurationPlatforms) = preSolution
		Debug|x64 = Debug|x64
		Debug|x86 = Debug|x86
		Release|x64 = Release|x64
		Release|x86 = Release|x86
	EndGlobalSection
	GlobalSection(ProjectConfigurationPlatforms) = postSolution
		{38AD809B-7641-481E-A138-9CB174FD4597}.Debug|x64.ActiveCfg = Debug|x64
		{38AD809B-7641-481E-A138-9CB174FD4597}.Debug|x64.Build.0 = Debug|x64
		{38AD809B-7641-481E-A138-9CB174FD4597}.Debug|x86.ActiveCfg = Debug|Win32
		{38AD809B-7641-481E-A138-9CB174FD4597}.Debug|x86.Build.0 = Debug|Win32
		{38AD809B-7641-481E-A138-9CB174FD4597}.Release|x64.ActiveCfg = Release|x64
		{38AD809B-7641-481E-A138-9CB174FD4597}.Release|x64.Build.0 = Release|x64
		{38AD809B-7641-481E-A138-9CB174FD4597}.Release|x86.ActiveCfg = Release|Win32
		{38AD809B-7641-481E-A138-9CB174FD4597}.Release|x86.Build.0 = Release|Win32
	EndGlobalSection
	GlobalSection(SolutionProperties) = preSolution
		HideSolutionNode = FALSE
	EndGlobalSection
	GlobalSection(ExtensibilityGlobals) = postSolution
		SolutionGuid = {F9900975-7E1D-4156-8071-6076F0CE94A0}
	EndGlobalSection
EndGlobal
